
Microsoft Visual Studio Solution File, Format Version 12.00
# Visual Studio Version 17
VisualStudioVersion = 17.13.35818.85 d17.13
MinimumVisualStudioVersion = 10.0.40219.1
Project("{8BC9CEB8-8B4A-11D0-8D11-00A0C91BC942}") = "ДОМАШНИЕ РАБОТЫ", "ДОМАШНИЕ РАБОТЫ.vcxproj", "{CE95986B-4909-4A2C-886E-83A6E10D0A47}"
EndProject
Project("{8BC9CEB8-8B4A-11D0-8D11-00A0C91BC942}") = "ПРИМЕРЫ", "..\..\..\ПРИМЕРЫ\ПРИМЕРЫ\ПРИМЕРЫ.vcxproj", "{74983197-CFE1-4DF2-A358-F1782BE1E8A5}"
EndProject
Global
	GlobalSection(SolutionConfigurationPlatforms) = preSolution
		Debug|x64 = Debug|x64
		Debug|x86 = Debug|x86
		Release|x64 = Release|x64
		Release|x86 = Release|x86
	EndGlobalSection
	GlobalSection(ProjectConfigurationPlatforms) = postSolution
		{CE95986B-4909-4A2C-886E-83A6E10D0A47}.Debug|x64.ActiveCfg = Debug|x64
		{CE95986B-4909-4A2C-886E-83A6E10D0A47}.Debug|x64.Build.0 = Debug|x64
		{CE95986B-4909-4A2C-886E-83A6E10D0A47}.Debug|x86.ActiveCfg = Debug|Win32
		{CE95986B-4909-4A2C-886E-83A6E10D0A47}.Debug|x86.Build.0 = Debug|Win32
		{CE95986B-4909-4A2C-886E-83A6E10D0A47}.Release|x64.ActiveCfg = Release|x64
		{CE95986B-4909-4A2C-886E-83A6E10D0A47}.Release|x64.Build.0 = Release|x64
		{CE95986B-4909-4A2C-886E-83A6E10D0A47}.Release|x86.ActiveCfg = Release|Win32
		{CE95986B-4909-4A2C-886E-83A6E10D0A47}.Release|x86.Build.0 = Release|Win32
		{74983197-CFE1-4DF2-A358-F1782BE1E8A5}.Debug|x64.ActiveCfg = Debug|x64
		{74983197-CFE1-4DF2-A358-F1782BE1E8A5}.Debug|x64.Build.0 = Debug|x64
		{74983197-CFE1-4DF2-A358-F1782BE1E8A5}.Debug|x86.ActiveCfg = Debug|Win32
		{74983197-CFE1-4DF2-A358-F1782BE1E8A5}.Debug|x86.Build.0 = Debug|Win32
		{74983197-CFE1-4DF2-A358-F1782BE1E8A5}.Release|x64.ActiveCfg = Release|x64
		{74983197-CFE1-4DF2-A358-F1782BE1E8A5}.Release|x64.Build.0 = Release|x64
		{74983197-CFE1-4DF2-A358-F1782BE1E8A5}.Release|x86.ActiveCfg = Release|Win32
		{74983197-CFE1-4DF2-A358-F1782BE1E8A5}.Release|x86.Build.0 = Release|Win32
	EndGlobalSection
	GlobalSection(SolutionProperties) = preSolution
		HideSolutionNode = FALSE
	EndGlobalSection
	GlobalSection(ExtensibilityGlobals) = postSolution
		SolutionGuid = {F1C12687-6A8F-475F-9767-7AA1BF0ABB80}
	EndGlobalSection
EndGlobal
