
Microsoft Visual Studio Solution File, Format Version 12.00
# Visual Studio Version 17
VisualStudioVersion = 17.14.36603.0 d17.14
MinimumVisualStudioVersion = 10.0.40219.1
Project("{FAE04EC0-301F-11D3-BF4B-00C04F79EFBC}") = "HOMEWORK_SHARP", "HOMEWORK_SHARP.csproj", "{5EA63AAC-01C9-8B9E-A0D3-D9BCB76BCD30}"
EndProject
Global
	GlobalSection(SolutionConfigurationPlatforms) = preSolution
		Debug|Any CPU = Debug|Any CPU
		Release|Any CPU = Release|Any CPU
	EndGlobalSection
	GlobalSection(ProjectConfigurationPlatforms) = postSolution
		{5EA63AAC-01C9-8B9E-A0D3-D9BCB76BCD30}.Debug|Any CPU.ActiveCfg = Debug|Any CPU
		{5EA63AAC-01C9-8B9E-A0D3-D9BCB76BCD30}.Debug|Any CPU.Build.0 = Debug|Any CPU
		{5EA63AAC-01C9-8B9E-A0D3-D9BCB76BCD30}.Release|Any CPU.ActiveCfg = Release|Any CPU
		{5EA63AAC-01C9-8B9E-A0D3-D9BCB76BCD30}.Release|Any CPU.Build.0 = Release|Any CPU
	EndGlobalSection
	GlobalSection(SolutionProperties) = preSolution
		HideSolutionNode = FALSE
	EndGlobalSection
	GlobalSection(ExtensibilityGlobals) = postSolution
		SolutionGuid = {DC13911B-10DF-4F40-862E-F013E2EAA435}
	EndGlobalSection
EndGlobal
